
Microsoft Visual Studio Solution File, Format Version 12.00
# Visual Studio Version 17
VisualStudioVersion = 17.10.35013.160
MinimumVisualStudioVersion = 10.0.40219.1
Project("{FAE04EC0-301F-11D3-BF4B-00C04F79EFBC}") = "ArrayAssignment", "ArrayAssignment.csproj", "{A12F98F7-A0DB-4E35-AD3C-6DEB5071811E}"
EndProject
Global
	GlobalSection(SolutionConfigurationPlatforms) = preSolution
		Debug|Any CPU = Debug|Any CPU
		Release|Any CPU = Release|Any CPU
	EndGlobalSection
	GlobalSection(ProjectConfigurationPlatforms) = postSolution
		{A12F98F7-A0DB-4E35-AD3C-6DEB5071811E}.Debug|Any CPU.ActiveCfg = Debug|Any CPU
		{A12F98F7-A0DB-4E35-AD3C-6DEB5071811E}.Debug|Any CPU.Build.0 = Debug|Any CPU
		{A12F98F7-A0DB-4E35-AD3C-6DEB5071811E}.Release|Any CPU.ActiveCfg = Release|Any CPU
		{A12F98F7-A0DB-4E35-AD3C-6DEB5071811E}.Release|Any CPU.Build.0 = Release|Any CPU
	EndGlobalSection
	GlobalSection(SolutionProperties) = preSolution
		HideSolutionNode = FALSE
	EndGlobalSection
	GlobalSection(ExtensibilityGlobals) = postSolution
		SolutionGuid = {E044F00A-EBB8-4B71-8280-89BE12EFB68D}
	EndGlobalSection
EndGlobal
